// !$*UTF8*$!
{
	archiveVersion = 1;
	classes = {
	};
	objectVersion = 46;
	objects = {

/* Begin PBXBuildFile section */
		68BFD38A1A9522D300A0D791 /* AppDelegate.swift in Sources */ = {isa = PBXBuildFile; fileRef = 68BFD3891A9522D300A0D791 /* AppDelegate.swift */; };
		68BFD38C1A9522D300A0D791 /* ViewController.swift in Sources */ = {isa = PBXBuildFile; fileRef = 68BFD38B1A9522D300A0D791 /* ViewController.swift */; };
		68BFD38F1A9522D300A0D791 /* Main.storyboard in Resources */ = {isa = PBXBuildFile; fileRef = 68BFD38D1A9522D300A0D791 /* Main.storyboard */; };
		68BFD3911A9522D300A0D791 /* Images.xcassets in Resources */ = {isa = PBXBuildFile; fileRef = 68BFD3901A9522D300A0D791 /* Images.xcassets */; };
		68BFD3941A9522D300A0D791 /* LaunchScreen.xib in Resources */ = {isa = PBXBuildFile; fileRef = 68BFD3921A9522D300A0D791 /* LaunchScreen.xib */; };
		68BFD3A01A9522D300A0D791 /* FlowTests.swift in Sources */ = {isa = PBXBuildFile; fileRef = 68BFD39F1A9522D300A0D791 /* FlowTests.swift */; };
		68BFD3AC1A95238100A0D791 /* PushButtonView.swift in Sources */ = {isa = PBXBuildFile; fileRef = 68BFD3AB1A95238100A0D791 /* PushButtonView.swift */; };
/* End PBXBuildFile section */

/* Begin PBXContainerItemProxy section */
		68BFD39A1A9522D300A0D791 /* PBXContainerItemProxy */ = {
			isa = PBXContainerItemProxy;
			containerPortal = 68BFD37C1A9522D300A0D791 /* Project object */;
			proxyType = 1;
			remoteGlobalIDString = 68BFD3831A9522D300A0D791;
			remoteInfo = Flow;
		};
/* End PBXContainerItemProxy section */

/* Begin PBXFileReference section */
		68BFD3841A9522D300A0D791 /* Flow.app */ = {isa = PBXFileReference; explicitFileType = wrapper.application; includeInIndex = 0; path = Flow.app; sourceTree = BUILT_PRODUCTS_DIR; };
		68BFD3881A9522D300A0D791 /* Info.plist */ = {isa = PBXFileReference; lastKnownFileType = text.plist.xml; path = Info.plist; sourceTree = "<group>"; };
		68BFD3891A9522D300A0D791 /* AppDelegate.swift */ = {isa = PBXFileReference; lastKnownFileType = sourcecode.swift; path = AppDelegate.swift; sourceTree = "<group>"; };
		68BFD38B1A9522D300A0D791 /* ViewController.swift */ = {isa = PBXFileReference; lastKnownFileType = sourcecode.swift; path = ViewController.swift; sourceTree = "<group>"; };
		68BFD38E1A9522D300A0D791 /* Base */ = {isa = PBXFileReference; lastKnownFileType = file.storyboard; name = Base; path = Base.lproj/Main.storyboard; sourceTree = "<group>"; };
		68BFD3901A9522D300A0D791 /* Images.xcassets */ = {isa = PBXFileReference; lastKnownFileType = folder.assetcatalog; path = Images.xcassets; sourceTree = "<group>"; };
		68BFD3931A9522D300A0D791 /* Base */ = {isa = PBXFileReference; lastKnownFileType = file.xib; name = Base; path = Base.lproj/LaunchScreen.xib; sourceTree = "<group>"; };
		68BFD3991A9522D300A0D791 /* FlowTests.xctest */ = {isa = PBXFileReference; explicitFileType = wrapper.cfbundle; includeInIndex = 0; path = FlowTests.xctest; sourceTree = BUILT_PRODUCTS_DIR; };
		68BFD39E1A9522D300A0D791 /* Info.plist */ = {isa = PBXFileReference; lastKnownFileType = text.plist.xml; path = Info.plist; sourceTree = "<group>"; };
		68BFD39F1A9522D300A0D791 /* FlowTests.swift */ = {isa = PBXFileReference; lastKnownFileType = sourcecode.swift; path = FlowTests.swift; sourceTree = "<group>"; };
		68BFD3AB1A95238100A0D791 /* PushButtonView.swift */ = {isa = PBXFileReference; fileEncoding = 4; lastKnownFileType = sourcecode.swift; name = PushButtonView.swift; path = ../PushButtonView.swift; sourceTree = "<group>"; };
/* End PBXFileReference section */

/* Begin PBXFrameworksBuildPhase section */
		68BFD3811A9522D300A0D791 /* Frameworks */ = {
			isa = PBXFrameworksBuildPhase;
			buildActionMask = 2147483647;
			files = (
			);
			runOnlyForDeploymentPostprocessing = 0;
		};
		68BFD3961A9522D300A0D791 /* Frameworks */ = {
			isa = PBXFrameworksBuildPhase;
			buildActionMask = 2147483647;
			files = (
			);
			runOnlyForDeploymentPostprocessing = 0;
		};
/* End PBXFrameworksBuildPhase section */

/* Begin PBXGroup section */
		68BFD37B1A9522D300A0D791 = {
			isa = PBXGroup;
			children = (
				68BFD3861A9522D300A0D791 /* Flow */,
				68BFD39C1A9522D300A0D791 /* FlowTests */,
				68BFD3851A9522D300A0D791 /* Products */,
			);
			sourceTree = "<group>";
		};
		68BFD3851A9522D300A0D791 /* Products */ = {
			isa = PBXGroup;
			children = (
				68BFD3841A9522D300A0D791 /* Flow.app */,
				68BFD3991A9522D300A0D791 /* FlowTests.xctest */,
			);
			name = Products;
			sourceTree = "<group>";
		};
		68BFD3861A9522D300A0D791 /* Flow */ = {
			isa = PBXGroup;
			children = (
				68BFD3891A9522D300A0D791 /* AppDelegate.swift */,
				68BFD3AB1A95238100A0D791 /* PushButtonView.swift */,
				68BFD38B1A9522D300A0D791 /* ViewController.swift */,
				68BFD38D1A9522D300A0D791 /* Main.storyboard */,
				68BFD3901A9522D300A0D791 /* Images.xcassets */,
				68BFD3921A9522D300A0D791 /* LaunchScreen.xib */,
				68BFD3871A9522D300A0D791 /* Supporting Files */,
			);
			path = Flow;
			sourceTree = "<group>";
		};
		68BFD3871A9522D300A0D791 /* Supporting Files */ = {
			isa = PBXGroup;
			children = (
				68BFD3881A9522D300A0D791 /* Info.plist */,
			);
			name = "Supporting Files";
			sourceTree = "<group>";
		};
		68BFD39C1A9522D300A0D791 /* FlowTests */ = {
			isa = PBXGroup;
			children = (
				68BFD39F1A9522D300A0D791 /* FlowTests.swift */,
				68BFD39D1A9522D300A0D791 /* Supporting Files */,
			);
			path = FlowTests;
			sourceTree = "<group>";
		};
		68BFD39D1A9522D300A0D791 /* Supporting Files */ = {
			isa = PBXGroup;
			children = (
				68BFD39E1A9522D300A0D791 /* Info.plist */,
			);
			name = "Supporting Files";
			sourceTree = "<group>";
		};
/* End PBXGroup section */

/* Begin PBXNativeTarget section */
		68BFD3831A9522D300A0D791 /* Flow */ = {
			isa = PBXNativeTarget;
			buildConfigurationList = 68BFD3A31A9522D300A0D791 /* Build configuration list for PBXNativeTarget "Flow" */;
			buildPhases = (
				68BFD3801A9522D300A0D791 /* Sources */,
				68BFD3811A9522D300A0D791 /* Frameworks */,
				68BFD3821A9522D300A0D791 /* Resources */,
			);
			buildRules = (
			);
			dependencies = (
			);
			name = Flow;
			productName = Flow;
			productReference = 68BFD3841A9522D300A0D791 /* Flow.app */;
			productType = "com.apple.product-type.application";
		};
		68BFD3981A9522D300A0D791 /* FlowTests */ = {
			isa = PBXNativeTarget;
			buildConfigurationList = 68BFD3A61A9522D300A0D791 /* Build configuration list for PBXNativeTarget "FlowTests" */;
			buildPhases = (
				68BFD3951A9522D300A0D791 /* Sources */,
				68BFD3961A9522D300A0D791 /* Frameworks */,
				68BFD3971A9522D300A0D791 /* Resources */,
			);
			buildRules = (
			);
			dependencies = (
				68BFD39B1A9522D300A0D791 /* PBXTargetDependency */,
			);
			name = FlowTests;
			productName = FlowTests;
			productReference = 68BFD3991A9522D300A0D791 /* FlowTests.xctest */;
			productType = "com.apple.product-type.bundle.unit-test";
		};
/* End PBXNativeTarget section */

/* Begin PBXProject section */
		68BFD37C1A9522D300A0D791 /* Project object */ = {
			isa = PBXProject;
			attributes = {
				LastUpgradeCheck = 0610;
				ORGANIZATIONNAME = "Joel Klabo";
				TargetAttributes = {
					68BFD3831A9522D300A0D791 = {
						CreatedOnToolsVersion = 6.1.1;
					};
					68BFD3981A9522D300A0D791 = {
						CreatedOnToolsVersion = 6.1.1;
						TestTargetID = 68BFD3831A9522D300A0D791;
					};
				};
			};
			buildConfigurationList = 68BFD37F1A9522D300A0D791 /* Build configuration list for PBXProject "Flow" */;
			compatibilityVersion = "Xcode 3.2";
			developmentRegion = English;
			hasScannedForEncodings = 0;
			knownRegions = (
				en,
				Base,
			);
			mainGroup = 68BFD37B1A9522D300A0D791;
			productRefGroup = 68BFD3851A9522D300A0D791 /* Products */;
			projectDirPath = "";
			projectRoot = "";
			targets = (
				68BFD3831A9522D300A0D791 /* Flow */,
				68BFD3981A9522D300A0D791 /* FlowTests */,
			);
		};
/* End PBXProject section */

/* Begin PBXResourcesBuildPhase section */
		68BFD3821A9522D300A0D791 /* Resources */ = {
			isa = PBXResourcesBuildPhase;
			buildActionMask = 2147483647;
			files = (
				68BFD38F1A9522D300A0D791 /* Main.storyboard in Resources */,
				68BFD3941A9522D300A0D791 /* LaunchScreen.xib in Resources */,
				68BFD3911A9522D300A0D791 /* Images.xcassets in Resources */,
			);
			runOnlyForDeploymentPostprocessing = 0;
		};
		68BFD3971A9522D300A0D791 /* Resources */ = {
			isa = PBXResourcesBuildPhase;
			buildActionMask = 2147483647;
			files = (
			);
			runOnlyForDeploymentPostprocessing = 0;
		};
/* End PBXResourcesBuildPhase section */

/* Begin PBXSourcesBuildPhase section */
		68BFD3801A9522D300A0D791 /* Sources */ = {
			isa = PBXSourcesBuildPhase;
			buildActionMask = 2147483647;
			files = (
				68BFD38C1A9522D300A0D791 /* ViewController.swift in Sources */,
				68BFD3AC1A95238100A0D791 /* PushButtonView.swift in Sources */,
				68BFD38A1A9522D300A0D791 /* AppDelegate.swift in Sources */,
			);
			runOnlyForDeploymentPostprocessing = 0;
		};
		68BFD3951A9522D300A0D791 /* Sources */ = {
			isa = PBXSourcesBuildPhase;
			buildActionMask = 2147483647;
			files = (
				68BFD3A01A9522D300A0D791 /* FlowTests.swift in Sources */,
			);
			runOnlyForDeploymentPostprocessing = 0;
		};
/* End PBXSourcesBuildPhase section */

/* Begin PBXTargetDependency section */
		68BFD39B1A9522D300A0D791 /* PBXTargetDependency */ = {
			isa = PBXTargetDependency;
			target = 68BFD3831A9522D300A0D791 /* Flow */;
			targetProxy = 68BFD39A1A9522D300A0D791 /* PBXContainerItemProxy */;
		};
/* End PBXTargetDependency section */

/* Begin PBXVariantGroup section */
		68BFD38D1A9522D300A0D791 /* Main.storyboard */ = {
			isa = PBXVariantGroup;
			children = (
				68BFD38E1A9522D300A0D791 /* Base */,
			);
			name = Main.storyboard;
			sourceTree = "<group>";
		};
		68BFD3921A9522D300A0D791 /* LaunchScreen.xib */ = {
			isa = PBXVariantGroup;
			children = (
				68BFD3931A9522D300A0D791 /* Base */,
			);
			name = LaunchScreen.xib;
			sourceTree = "<group>";
		};
/* End PBXVariantGroup section */

/* Begin XCBuildConfiguration section */
		68BFD3A11A9522D300A0D791 /* Debug */ = {
			isa = XCBuildConfiguration;
			buildSettings = {
				ALWAYS_SEARCH_USER_PATHS = NO;
				CLANG_CXX_LANGUAGE_STANDARD = "gnu++0x";
				CLANG_CXX_LIBRARY = "libc++";
				CLANG_ENABLE_MODULES = YES;
				CLANG_ENABLE_OBJC_ARC = YES;
				CLANG_WARN_BOOL_CONVERSION = YES;
				CLANG_WARN_CONSTANT_CONVERSION = YES;
				CLANG_WARN_DIRECT_OBJC_ISA_USAGE = YES_ERROR;
				CLANG_WARN_EMPTY_BODY = YES;
				CLANG_WARN_ENUM_CONVERSION = YES;
				CLANG_WARN_INT_CONVERSION = YES;
				CLANG_WARN_OBJC_ROOT_CLASS = YES_ERROR;
				CLANG_WARN_UNREACHABLE_CODE = YES;
				CLANG_WARN__DUPLICATE_METHOD_MATCH = YES;
				"CODE_SIGN_IDENTITY[sdk=iphoneos*]" = "iPhone Developer";
				COPY_PHASE_STRIP = NO;
				ENABLE_STRICT_OBJC_MSGSEND = YES;
				GCC_C_LANGUAGE_STANDARD = gnu99;
				GCC_DYNAMIC_NO_PIC = NO;
				GCC_OPTIMIZATION_LEVEL = 0;
				GCC_PREPROCESSOR_DEFINITIONS = (
					"DEBUG=1",
					"$(inherited)",
				);
				GCC_SYMBOLS_PRIVATE_EXTERN = NO;
				GCC_WARN_64_TO_32_BIT_CONVERSION = YES;
				GCC_WARN_ABOUT_RETURN_TYPE = YES_ERROR;
				GCC_WARN_UNDECLARED_SELECTOR = YES;
				GCC_WARN_UNINITIALIZED_AUTOS = YES_AGGRESSIVE;
				GCC_WARN_UNUSED_FUNCTION = YES;
				GCC_WARN_UNUSED_VARIABLE = YES;
				IPHONEOS_DEPLOYMENT_TARGET = 8.1;
				MTL_ENABLE_DEBUG_INFO = YES;
				ONLY_ACTIVE_ARCH = YES;
				SDKROOT = iphoneos;
				SWIFT_OPTIMIZATION_LEVEL = "-Onone";
			};
			name = Debug;
		};
		68BFD3A21A9522D300A0D791 /* Release */ = {
			isa = XCBuildConfiguration;
			buildSettings = {
				ALWAYS_SEARCH_USER_PATHS = NO;
				CLANG_CXX_LANGUAGE_STANDARD = "gnu++0x";
				CLANG_CXX_LIBRARY = "libc++";
				CLANG_ENABLE_MODULES = YES;
				CLANG_ENABLE_OBJC_ARC = YES;
				CLANG_WARN_BOOL_CONVERSION = YES;
				CLANG_WARN_CONSTANT_CONVERSION = YES;
				CLANG_WARN_DIRECT_OBJC_ISA_USAGE = YES_ERROR;
				CLANG_WARN_EMPTY_BODY = YES;
				CLANG_WARN_ENUM_CONVERSION = YES;
				CLANG_WARN_INT_CONVERSION = YES;
				CLANG_WARN_OBJC_ROOT_CLASS = YES_ERROR;
				CLANG_WARN_UNREACHABLE_CODE = YES;
				CLANG_WARN__DUPLICATE_METHOD_MATCH = YES;
				"CODE_SIGN_IDENTITY[sdk=iphoneos*]" = "iPhone Developer";
				COPY_PHASE_STRIP = YES;
				ENABLE_NS_ASSERTIONS = NO;
				ENABLE_STRICT_OBJC_MSGSEND = YES;
				GCC_C_LANGUAGE_STANDARD = gnu99;
				GCC_WARN_64_TO_32_BIT_CONVERSION = YES;
				GCC_WARN_ABOUT_RETURN_TYPE = YES_ERROR;
				GCC_WARN_UNDECLARED_SELECTOR = YES;
				GCC_WARN_UNINITIALIZED_AUTOS = YES_AGGRESSIVE;
				GCC_WARN_UNUSED_FUNCTION = YES;
				GCC_WARN_UNUSED_VARIABLE = YES;
				IPHONEOS_DEPLOYMENT_TARGET = 8.1;
				MTL_ENABLE_DEBUG_INFO = NO;
				SDKROOT = iphoneos;
				VALIDATE_PRODUCT = YES;
			};
			name = Release;
		};
		68BFD3A41A9522D300A0D791 /* Debug */ = {
			isa = XCBuildConfiguration;
			buildSettings = {
				ASSETCATALOG_COMPILER_APPICON_NAME = AppIcon;
				INFOPLIST_FILE = Flow/Info.plist;
				LD_RUNPATH_SEARCH_PATHS = "$(inherited) @executable_path/Frameworks";
				PRODUCT_NAME = "$(TARGET_NAME)";
			};
			name = Debug;
		};
		68BFD3A51A9522D300A0D791 /* Release */ = {
			isa = XCBuildConfiguration;
			buildSettings = {
				ASSETCATALOG_COMPILER_APPICON_NAME = AppIcon;
				INFOPLIST_FILE = Flow/Info.plist;
				LD_RUNPATH_SEARCH_PATHS = "$(inherited) @executable_path/Frameworks";
				PRODUCT_NAME = "$(TARGET_NAME)";
			};
			name = Release;
		};
		68BFD3A71A9522D300A0D791 /* Debug */ = {
			isa = XCBuildConfiguration;
			buildSettings = {
				BUNDLE_LOADER = "$(TEST_HOST)";
				FRAMEWORK_SEARCH_PATHS = (
					"$(SDKROOT)/Developer/Library/Frameworks",
					"$(inherited)",
				);
				GCC_PREPROCESSOR_DEFINITIONS = (
					"DEBUG=1",
					"$(inherited)",
				);
				INFOPLIST_FILE = FlowTests/Info.plist;
				LD_RUNPATH_SEARCH_PATHS = "$(inherited) @executable_path/Frameworks @loader_path/Frameworks";
				PRODUCT_NAME = "$(TARGET_NAME)";
				TEST_HOST = "$(BUILT_PRODUCTS_DIR)/Flow.app/Flow";
			};
			name = Debug;
		};
		68BFD3A81A9522D300A0D791 /* Release */ = {
			isa = XCBuildConfiguration;
			buildSettings = {
				BUNDLE_LOADER = "$(TEST_HOST)";
				FRAMEWORK_SEARCH_PATHS = (
					"$(SDKROOT)/Developer/Library/Frameworks",
					"$(inherited)",
				);
				INFOPLIST_FILE = FlowTests/Info.plist;
				LD_RUNPATH_SEARCH_PATHS = "$(inherited) @executable_path/Frameworks @loader_path/Frameworks";
				PRODUCT_NAME = "$(TARGET_NAME)";
				TEST_HOST = "$(BUILT_PRODUCTS_DIR)/Flow.app/Flow";
			};
			name = Release;
		};
/* End XCBuildConfiguration section */

/* Begin XCConfigurationList section */
		68BFD37F1A9522D300A0D791 /* Build configuration list for PBXProject "Flow" */ = {
			isa = XCConfigurationList;
			buildConfigurations = (
				68BFD3A11A9522D300A0D791 /* Debug */,
				68BFD3A21A9522D300A0D791 /* Release */,
			);
			defaultConfigurationIsVisible = 0;
			defaultConfigurationName = Release;
		};
		68BFD3A31A9522D300A0D791 /* Build configuration list for PBXNativeTarget "Flow" */ = {
			isa = XCConfigurationList;
			buildConfigurations = (
				68BFD3A41A9522D300A0D791 /* Debug */,
				68BFD3A51A9522D300A0D791 /* Release */,
			);
			defaultConfigurationIsVisible = 0;
			defaultConfigurationName = Release;
		};
		68BFD3A61A9522D300A0D791 /* Build configuration list for PBXNativeTarget "FlowTests" */ = {
			isa = XCConfigurationList;
			buildConfigurations = (
				68BFD3A71A9522D300A0D791 /* Debug */,
				68BFD3A81A9522D300A0D791 /* Release */,
			);
			defaultConfigurationIsVisible = 0;
			defaultConfigurationName = Release;
		};
/* End XCConfigurationList section */
	};
	rootObject = 68BFD37C1A9522D300A0D791 /* Project object */;
}
